
Microsoft Visual Studio Solution File, Format Version 12.00
Project("{FAE04EC0-301F-11D3-BF4B-00C04F79EFBC}") = "MicroBlog.Api", "MicroBlog.Api\MicroBlog.Api.csproj", "{246EAD6F-6C6E-43C2-B3FC-315F601F0E32}"
EndProject
Project("{FAE04EC0-301F-11D3-BF4B-00C04F79EFBC}") = "MicroBlog.Core", "MicroBlog.Core\MicroBlog.Core.csproj", "{FDE72A59-E191-4DBD-AC17-42211D55307E}"
EndProject
Project("{FAE04EC0-301F-11D3-BF4B-00C04F79EFBC}") = "MicroBlog.Repository", "MicroBlog.Repository\MicroBlog.Repository.csproj", "{47EC9E02-0B53-46C2-93D7-49AFBF9D4018}"
EndProject
Project("{FAE04EC0-301F-11D3-BF4B-00C04F79EFBC}") = "MicroBlog.Service", "MicroBlog.Service\MicroBlog.Service.csproj", "{8EB0CF5D-6D44-4C52-8276-D316941D27D8}"
EndProject
Project("{FAE04EC0-301F-11D3-BF4B-00C04F79EFBC}") = "EmailSenderService", "EmailSenderService\EmailSenderService.csproj", "{F83AC7CD-00BF-46EE-87C6-BE93D00D3C80}"
EndProject
Project("{2150E333-8FDC-42A3-9474-1A3956D46DE8}") = "Solution Items", "Solution Items", "{AF69A20D-7880-4FD9-91A0-B0D70838C19F}"
	ProjectSection(SolutionItems) = preProject
		docker-compose.yml = docker-compose.yml
	EndProjectSection
EndProject
Global
	GlobalSection(SolutionConfigurationPlatforms) = preSolution
		Debug|Any CPU = Debug|Any CPU
		Release|Any CPU = Release|Any CPU
	EndGlobalSection
	GlobalSection(ProjectConfigurationPlatforms) = postSolution
		{246EAD6F-6C6E-43C2-B3FC-315F601F0E32}.Debug|Any CPU.ActiveCfg = Debug|Any CPU
		{246EAD6F-6C6E-43C2-B3FC-315F601F0E32}.Debug|Any CPU.Build.0 = Debug|Any CPU
		{246EAD6F-6C6E-43C2-B3FC-315F601F0E32}.Release|Any CPU.ActiveCfg = Release|Any CPU
		{246EAD6F-6C6E-43C2-B3FC-315F601F0E32}.Release|Any CPU.Build.0 = Release|Any CPU
		{FDE72A59-E191-4DBD-AC17-42211D55307E}.Debug|Any CPU.ActiveCfg = Debug|Any CPU
		{FDE72A59-E191-4DBD-AC17-42211D55307E}.Debug|Any CPU.Build.0 = Debug|Any CPU
		{FDE72A59-E191-4DBD-AC17-42211D55307E}.Release|Any CPU.ActiveCfg = Release|Any CPU
		{FDE72A59-E191-4DBD-AC17-42211D55307E}.Release|Any CPU.Build.0 = Release|Any CPU
		{47EC9E02-0B53-46C2-93D7-49AFBF9D4018}.Debug|Any CPU.ActiveCfg = Debug|Any CPU
		{47EC9E02-0B53-46C2-93D7-49AFBF9D4018}.Debug|Any CPU.Build.0 = Debug|Any CPU
		{47EC9E02-0B53-46C2-93D7-49AFBF9D4018}.Release|Any CPU.ActiveCfg = Release|Any CPU
		{47EC9E02-0B53-46C2-93D7-49AFBF9D4018}.Release|Any CPU.Build.0 = Release|Any CPU
		{8EB0CF5D-6D44-4C52-8276-D316941D27D8}.Debug|Any CPU.ActiveCfg = Debug|Any CPU
		{8EB0CF5D-6D44-4C52-8276-D316941D27D8}.Debug|Any CPU.Build.0 = Debug|Any CPU
		{8EB0CF5D-6D44-4C52-8276-D316941D27D8}.Release|Any CPU.ActiveCfg = Release|Any CPU
		{8EB0CF5D-6D44-4C52-8276-D316941D27D8}.Release|Any CPU.Build.0 = Release|Any CPU
		{F83AC7CD-00BF-46EE-87C6-BE93D00D3C80}.Debug|Any CPU.ActiveCfg = Debug|Any CPU
		{F83AC7CD-00BF-46EE-87C6-BE93D00D3C80}.Debug|Any CPU.Build.0 = Debug|Any CPU
		{F83AC7CD-00BF-46EE-87C6-BE93D00D3C80}.Release|Any CPU.ActiveCfg = Release|Any CPU
		{F83AC7CD-00BF-46EE-87C6-BE93D00D3C80}.Release|Any CPU.Build.0 = Release|Any CPU
	EndGlobalSection
EndGlobal
